// !$*UTF8*$!
{
	archiveVersion = 1;
	classes = {
	};
	objectVersion = 46;
	objects = {

/* Begin PBXBuildFile section */
		B207B83C1BBA87DE004A84E1 /* main.m in Sources */ = {isa = PBXBuildFile; fileRef = B207B83B1BBA87DE004A84E1 /* main.m */; };
		B207B83F1BBA87DE004A84E1 /* AppDelegate.m in Sources */ = {isa = PBXBuildFile; fileRef = B207B83E1BBA87DE004A84E1 /* AppDelegate.m */; };
		B207B8421BBA87DE004A84E1 /* ViewController.m in Sources */ = {isa = PBXBuildFile; fileRef = B207B8411BBA87DE004A84E1 /* ViewController.m */; };
		B207B8451BBA87DE004A84E1 /* Main.storyboard in Resources */ = {isa = PBXBuildFile; fileRef = B207B8431BBA87DE004A84E1 /* Main.storyboard */; };
		B207B8471BBA87DE004A84E1 /* Images.xcassets in Resources */ = {isa = PBXBuildFile; fileRef = B207B8461BBA87DE004A84E1 /* Images.xcassets */; };
		B207B84A1BBA87DE004A84E1 /* LaunchScreen.xib in Resources */ = {isa = PBXBuildFile; fileRef = B207B8481BBA87DE004A84E1 /* LaunchScreen.xib */; };
		B207B8561BBA87DE004A84E1 /* techtoiletTests.m in Sources */ = {isa = PBXBuildFile; fileRef = B207B8551BBA87DE004A84E1 /* techtoiletTests.m */; };
		B207B8951BBA963F004A84E1 /* penguin.jpg in Resources */ = {isa = PBXBuildFile; fileRef = B207B8941BBA963F004A84E1 /* penguin.jpg */; };
		B207B89D1BBA9C1B004A84E1 /* 11.png in Resources */ = {isa = PBXBuildFile; fileRef = B207B89C1BBA9C1B004A84E1 /* 11.png */; };
		B207B8A51BBAA483004A84E1 /* box.jpg in Resources */ = {isa = PBXBuildFile; fileRef = B207B8A41BBAA483004A84E1 /* box.jpg */; };
		B207B8A71BBAA4E6004A84E1 /* bonsai.jpg in Resources */ = {isa = PBXBuildFile; fileRef = B207B8A61BBAA4E6004A84E1 /* bonsai.jpg */; };
/* End PBXBuildFile section */

/* Begin PBXContainerItemProxy section */
		B207B8501BBA87DE004A84E1 /* PBXContainerItemProxy */ = {
			isa = PBXContainerItemProxy;
			containerPortal = B207B82E1BBA87DE004A84E1 /* Project object */;
			proxyType = 1;
			remoteGlobalIDString = B207B8351BBA87DE004A84E1;
			remoteInfo = techtoilet;
		};
/* End PBXContainerItemProxy section */

/* Begin PBXFileReference section */
		B207B8361BBA87DE004A84E1 /* techtoilet.app */ = {isa = PBXFileReference; explicitFileType = wrapper.application; includeInIndex = 0; path = techtoilet.app; sourceTree = BUILT_PRODUCTS_DIR; };
		B207B83A1BBA87DE004A84E1 /* Info.plist */ = {isa = PBXFileReference; lastKnownFileType = text.plist.xml; path = Info.plist; sourceTree = "<group>"; };
		B207B83B1BBA87DE004A84E1 /* main.m */ = {isa = PBXFileReference; lastKnownFileType = sourcecode.c.objc; path = main.m; sourceTree = "<group>"; };
		B207B83D1BBA87DE004A84E1 /* AppDelegate.h */ = {isa = PBXFileReference; lastKnownFileType = sourcecode.c.h; path = AppDelegate.h; sourceTree = "<group>"; };
		B207B83E1BBA87DE004A84E1 /* AppDelegate.m */ = {isa = PBXFileReference; lastKnownFileType = sourcecode.c.objc; path = AppDelegate.m; sourceTree = "<group>"; };
		B207B8401BBA87DE004A84E1 /* ViewController.h */ = {isa = PBXFileReference; lastKnownFileType = sourcecode.c.h; path = ViewController.h; sourceTree = "<group>"; };
		B207B8411BBA87DE004A84E1 /* ViewController.m */ = {isa = PBXFileReference; lastKnownFileType = sourcecode.c.objc; path = ViewController.m; sourceTree = "<group>"; };
		B207B8441BBA87DE004A84E1 /* Base */ = {isa = PBXFileReference; lastKnownFileType = file.storyboard; name = Base; path = Base.lproj/Main.storyboard; sourceTree = "<group>"; };
		B207B8461BBA87DE004A84E1 /* Images.xcassets */ = {isa = PBXFileReference; lastKnownFileType = folder.assetcatalog; path = Images.xcassets; sourceTree = "<group>"; };
		B207B8491BBA87DE004A84E1 /* Base */ = {isa = PBXFileReference; lastKnownFileType = file.xib; name = Base; path = Base.lproj/LaunchScreen.xib; sourceTree = "<group>"; };
		B207B84F1BBA87DE004A84E1 /* techtoiletTests.xctest */ = {isa = PBXFileReference; explicitFileType = wrapper.cfbundle; includeInIndex = 0; path = techtoiletTests.xctest; sourceTree = BUILT_PRODUCTS_DIR; };
		B207B8541BBA87DE004A84E1 /* Info.plist */ = {isa = PBXFileReference; lastKnownFileType = text.plist.xml; path = Info.plist; sourceTree = "<group>"; };
		B207B8551BBA87DE004A84E1 /* techtoiletTests.m */ = {isa = PBXFileReference; lastKnownFileType = sourcecode.c.objc; path = techtoiletTests.m; sourceTree = "<group>"; };
		B207B8941BBA963F004A84E1 /* penguin.jpg */ = {isa = PBXFileReference; lastKnownFileType = image.jpeg; path = penguin.jpg; sourceTree = "<group>"; };
		B207B89C1BBA9C1B004A84E1 /* 11.png */ = {isa = PBXFileReference; lastKnownFileType = image.png; path = 11.png; sourceTree = "<group>"; };
		B207B8A41BBAA483004A84E1 /* box.jpg */ = {isa = PBXFileReference; lastKnownFileType = image.jpeg; path = box.jpg; sourceTree = "<group>"; };
		B207B8A61BBAA4E6004A84E1 /* bonsai.jpg */ = {isa = PBXFileReference; lastKnownFileType = image.jpeg; path = bonsai.jpg; sourceTree = "<group>"; };
/* End PBXFileReference section */

/* Begin PBXFrameworksBuildPhase section */
		B207B8331BBA87DE004A84E1 /* Frameworks */ = {
			isa = PBXFrameworksBuildPhase;
			buildActionMask = 2147483647;
			files = (
			);
			runOnlyForDeploymentPostprocessing = 0;
		};
		B207B84C1BBA87DE004A84E1 /* Frameworks */ = {
			isa = PBXFrameworksBuildPhase;
			buildActionMask = 2147483647;
			files = (
			);
			runOnlyForDeploymentPostprocessing = 0;
		};
/* End PBXFrameworksBuildPhase section */

/* Begin PBXGroup section */
		B207B82D1BBA87DE004A84E1 = {
			isa = PBXGroup;
			children = (
				B207B8381BBA87DE004A84E1 /* techtoilet */,
				B207B8521BBA87DE004A84E1 /* techtoiletTests */,
				B207B8371BBA87DE004A84E1 /* Products */,
			);
			sourceTree = "<group>";
		};
		B207B8371BBA87DE004A84E1 /* Products */ = {
			isa = PBXGroup;
			children = (
				B207B8361BBA87DE004A84E1 /* techtoilet.app */,
				B207B84F1BBA87DE004A84E1 /* techtoiletTests.xctest */,
			);
			name = Products;
			sourceTree = "<group>";
		};
		B207B8381BBA87DE004A84E1 /* techtoilet */ = {
			isa = PBXGroup;
			children = (
				B207B83D1BBA87DE004A84E1 /* AppDelegate.h */,
				B207B83E1BBA87DE004A84E1 /* AppDelegate.m */,
				B207B8401BBA87DE004A84E1 /* ViewController.h */,
				B207B8411BBA87DE004A84E1 /* ViewController.m */,
				B207B8431BBA87DE004A84E1 /* Main.storyboard */,
				B207B8461BBA87DE004A84E1 /* Images.xcassets */,
				B207B8481BBA87DE004A84E1 /* LaunchScreen.xib */,
				B207B8391BBA87DE004A84E1 /* Supporting Files */,
			);
			path = techtoilet;
			sourceTree = "<group>";
		};
		B207B8391BBA87DE004A84E1 /* Supporting Files */ = {
			isa = PBXGroup;
			children = (
				B207B8A61BBAA4E6004A84E1 /* bonsai.jpg */,
				B207B8A41BBAA483004A84E1 /* box.jpg */,
				B207B89C1BBA9C1B004A84E1 /* 11.png */,
				B207B8941BBA963F004A84E1 /* penguin.jpg */,
				B207B83A1BBA87DE004A84E1 /* Info.plist */,
				B207B83B1BBA87DE004A84E1 /* main.m */,
			);
			name = "Supporting Files";
			sourceTree = "<group>";
		};
		B207B8521BBA87DE004A84E1 /* techtoiletTests */ = {
			isa = PBXGroup;
			children = (
				B207B8551BBA87DE004A84E1 /* techtoiletTests.m */,
				B207B8531BBA87DE004A84E1 /* Supporting Files */,
			);
			path = techtoiletTests;
			sourceTree = "<group>";
		};
		B207B8531BBA87DE004A84E1 /* Supporting Files */ = {
			isa = PBXGroup;
			children = (
				B207B8541BBA87DE004A84E1 /* Info.plist */,
			);
			name = "Supporting Files";
			sourceTree = "<group>";
		};
/* End PBXGroup section */

/* Begin PBXNativeTarget section */
		B207B8351BBA87DE004A84E1 /* techtoilet */ = {
			isa = PBXNativeTarget;
			buildConfigurationList = B207B8591BBA87DE004A84E1 /* Build configuration list for PBXNativeTarget "techtoilet" */;
			buildPhases = (
				B207B8321BBA87DE004A84E1 /* Sources */,
				B207B8331BBA87DE004A84E1 /* Frameworks */,
				B207B8341BBA87DE004A84E1 /* Resources */,
			);
			buildRules = (
			);
			dependencies = (
			);
			name = techtoilet;
			productName = techtoilet;
			productReference = B207B8361BBA87DE004A84E1 /* techtoilet.app */;
			productType = "com.apple.product-type.application";
		};
		B207B84E1BBA87DE004A84E1 /* techtoiletTests */ = {
			isa = PBXNativeTarget;
			buildConfigurationList = B207B85C1BBA87DE004A84E1 /* Build configuration list for PBXNativeTarget "techtoiletTests" */;
			buildPhases = (
				B207B84B1BBA87DE004A84E1 /* Sources */,
				B207B84C1BBA87DE004A84E1 /* Frameworks */,
				B207B84D1BBA87DE004A84E1 /* Resources */,
			);
			buildRules = (
			);
			dependencies = (
				B207B8511BBA87DE004A84E1 /* PBXTargetDependency */,
			);
			name = techtoiletTests;
			productName = techtoiletTests;
			productReference = B207B84F1BBA87DE004A84E1 /* techtoiletTests.xctest */;
			productType = "com.apple.product-type.bundle.unit-test";
		};
/* End PBXNativeTarget section */

/* Begin PBXProject section */
		B207B82E1BBA87DE004A84E1 /* Project object */ = {
			isa = PBXProject;
			attributes = {
				LastUpgradeCheck = 0640;
				TargetAttributes = {
					B207B8351BBA87DE004A84E1 = {
						CreatedOnToolsVersion = 6.4;
					};
					B207B84E1BBA87DE004A84E1 = {
						CreatedOnToolsVersion = 6.4;
						TestTargetID = B207B8351BBA87DE004A84E1;
					};
				};
			};
			buildConfigurationList = B207B8311BBA87DE004A84E1 /* Build configuration list for PBXProject "techtoilet" */;
			compatibilityVersion = "Xcode 3.2";
			developmentRegion = English;
			hasScannedForEncodings = 0;
			knownRegions = (
				en,
				Base,
			);
			mainGroup = B207B82D1BBA87DE004A84E1;
			productRefGroup = B207B8371BBA87DE004A84E1 /* Products */;
			projectDirPath = "";
			projectRoot = "";
			targets = (
				B207B8351BBA87DE004A84E1 /* techtoilet */,
				B207B84E1BBA87DE004A84E1 /* techtoiletTests */,
			);
		};
/* End PBXProject section */

/* Begin PBXResourcesBuildPhase section */
		B207B8341BBA87DE004A84E1 /* Resources */ = {
			isa = PBXResourcesBuildPhase;
			buildActionMask = 2147483647;
			files = (
				B207B89D1BBA9C1B004A84E1 /* 11.png in Resources */,
				B207B8951BBA963F004A84E1 /* penguin.jpg in Resources */,
				B207B8451BBA87DE004A84E1 /* Main.storyboard in Resources */,
				B207B84A1BBA87DE004A84E1 /* LaunchScreen.xib in Resources */,
				B207B8A71BBAA4E6004A84E1 /* bonsai.jpg in Resources */,
				B207B8A51BBAA483004A84E1 /* box.jpg in Resources */,
				B207B8471BBA87DE004A84E1 /* Images.xcassets in Resources */,
			);
			runOnlyForDeploymentPostprocessing = 0;
		};
		B207B84D1BBA87DE004A84E1 /* Resources */ = {
			isa = PBXResourcesBuildPhase;
			buildActionMask = 2147483647;
			files = (
			);
			runOnlyForDeploymentPostprocessing = 0;
		};
/* End PBXResourcesBuildPhase section */

/* Begin PBXSourcesBuildPhase section */
		B207B8321BBA87DE004A84E1 /* Sources */ = {
			isa = PBXSourcesBuildPhase;
			buildActionMask = 2147483647;
			files = (
				B207B8421BBA87DE004A84E1 /* ViewController.m in Sources */,
				B207B83F1BBA87DE004A84E1 /* AppDelegate.m in Sources */,
				B207B83C1BBA87DE004A84E1 /* main.m in Sources */,
			);
			runOnlyForDeploymentPostprocessing = 0;
		};
		B207B84B1BBA87DE004A84E1 /* Sources */ = {
			isa = PBXSourcesBuildPhase;
			buildActionMask = 2147483647;
			files = (
				B207B8561BBA87DE004A84E1 /* techtoiletTests.m in Sources */,
			);
			runOnlyForDeploymentPostprocessing = 0;
		};
/* End PBXSourcesBuildPhase section */

/* Begin PBXTargetDependency section */
		B207B8511BBA87DE004A84E1 /* PBXTargetDependency */ = {
			isa = PBXTargetDependency;
			target = B207B8351BBA87DE004A84E1 /* techtoilet */;
			targetProxy = B207B8501BBA87DE004A84E1 /* PBXContainerItemProxy */;
		};
/* End PBXTargetDependency section */

/* Begin PBXVariantGroup section */
		B207B8431BBA87DE004A84E1 /* Main.storyboard */ = {
			isa = PBXVariantGroup;
			children = (
				B207B8441BBA87DE004A84E1 /* Base */,
			);
			name = Main.storyboard;
			sourceTree = "<group>";
		};
		B207B8481BBA87DE004A84E1 /* LaunchScreen.xib */ = {
			isa = PBXVariantGroup;
			children = (
				B207B8491BBA87DE004A84E1 /* Base */,
			);
			name = LaunchScreen.xib;
			sourceTree = "<group>";
		};
/* End PBXVariantGroup section */

/* Begin XCBuildConfiguration section */
		B207B8571BBA87DE004A84E1 /* Debug */ = {
			isa = XCBuildConfiguration;
			buildSettings = {
				ALWAYS_SEARCH_USER_PATHS = NO;
				CLANG_CXX_LANGUAGE_STANDARD = "gnu++0x";
				CLANG_CXX_LIBRARY = "libc++";
				CLANG_ENABLE_MODULES = YES;
				CLANG_ENABLE_OBJC_ARC = YES;
				CLANG_WARN_BOOL_CONVERSION = YES;
				CLANG_WARN_CONSTANT_CONVERSION = YES;
				CLANG_WARN_DIRECT_OBJC_ISA_USAGE = YES_ERROR;
				CLANG_WARN_EMPTY_BODY = YES;
				CLANG_WARN_ENUM_CONVERSION = YES;
				CLANG_WARN_INT_CONVERSION = YES;
				CLANG_WARN_OBJC_ROOT_CLASS = YES_ERROR;
				CLANG_WARN_UNREACHABLE_CODE = YES;
				CLANG_WARN__DUPLICATE_METHOD_MATCH = YES;
				"CODE_SIGN_IDENTITY[sdk=iphoneos*]" = "iPhone Developer";
				COPY_PHASE_STRIP = NO;
				DEBUG_INFORMATION_FORMAT = "dwarf-with-dsym";
				ENABLE_STRICT_OBJC_MSGSEND = YES;
				GCC_C_LANGUAGE_STANDARD = gnu99;
				GCC_DYNAMIC_NO_PIC = NO;
				GCC_NO_COMMON_BLOCKS = YES;
				GCC_OPTIMIZATION_LEVEL = 0;
				GCC_PREPROCESSOR_DEFINITIONS = (
					"DEBUG=1",
					"$(inherited)",
				);
				GCC_SYMBOLS_PRIVATE_EXTERN = NO;
				GCC_WARN_64_TO_32_BIT_CONVERSION = YES;
				GCC_WARN_ABOUT_RETURN_TYPE = YES_ERROR;
				GCC_WARN_UNDECLARED_SELECTOR = YES;
				GCC_WARN_UNINITIALIZED_AUTOS = YES_AGGRESSIVE;
				GCC_WARN_UNUSED_FUNCTION = YES;
				GCC_WARN_UNUSED_VARIABLE = YES;
				IPHONEOS_DEPLOYMENT_TARGET = 8.4;
				MTL_ENABLE_DEBUG_INFO = YES;
				ONLY_ACTIVE_ARCH = YES;
				SDKROOT = iphoneos;
				TARGETED_DEVICE_FAMILY = "1,2";
			};
			name = Debug;
		};
		B207B8581BBA87DE004A84E1 /* Release */ = {
			isa = XCBuildConfiguration;
			buildSettings = {
				ALWAYS_SEARCH_USER_PATHS = NO;
				CLANG_CXX_LANGUAGE_STANDARD = "gnu++0x";
				CLANG_CXX_LIBRARY = "libc++";
				CLANG_ENABLE_MODULES = YES;
				CLANG_ENABLE_OBJC_ARC = YES;
				CLANG_WARN_BOOL_CONVERSION = YES;
				CLANG_WARN_CONSTANT_CONVERSION = YES;
				CLANG_WARN_DIRECT_OBJC_ISA_USAGE = YES_ERROR;
				CLANG_WARN_EMPTY_BODY = YES;
				CLANG_WARN_ENUM_CONVERSION = YES;
				CLANG_WARN_INT_CONVERSION = YES;
				CLANG_WARN_OBJC_ROOT_CLASS = YES_ERROR;
				CLANG_WARN_UNREACHABLE_CODE = YES;
				CLANG_WARN__DUPLICATE_METHOD_MATCH = YES;
				"CODE_SIGN_IDENTITY[sdk=iphoneos*]" = "iPhone Developer";
				COPY_PHASE_STRIP = NO;
				DEBUG_INFORMATION_FORMAT = "dwarf-with-dsym";
				ENABLE_NS_ASSERTIONS = NO;
				ENABLE_STRICT_OBJC_MSGSEND = YES;
				GCC_C_LANGUAGE_STANDARD = gnu99;
				GCC_NO_COMMON_BLOCKS = YES;
				GCC_WARN_64_TO_32_BIT_CONVERSION = YES;
				GCC_WARN_ABOUT_RETURN_TYPE = YES_ERROR;
				GCC_WARN_UNDECLARED_SELECTOR = YES;
				GCC_WARN_UNINITIALIZED_AUTOS = YES_AGGRESSIVE;
				GCC_WARN_UNUSED_FUNCTION = YES;
				GCC_WARN_UNUSED_VARIABLE = YES;
				IPHONEOS_DEPLOYMENT_TARGET = 8.4;
				MTL_ENABLE_DEBUG_INFO = NO;
				SDKROOT = iphoneos;
				TARGETED_DEVICE_FAMILY = "1,2";
				VALIDATE_PRODUCT = YES;
			};
			name = Release;
		};
		B207B85A1BBA87DE004A84E1 /* Debug */ = {
			isa = XCBuildConfiguration;
			buildSettings = {
				ASSETCATALOG_COMPILER_APPICON_NAME = AppIcon;
				INFOPLIST_FILE = techtoilet/Info.plist;
				LD_RUNPATH_SEARCH_PATHS = "$(inherited) @executable_path/Frameworks";
				PRODUCT_NAME = "$(TARGET_NAME)";
			};
			name = Debug;
		};
		B207B85B1BBA87DE004A84E1 /* Release */ = {
			isa = XCBuildConfiguration;
			buildSettings = {
				ASSETCATALOG_COMPILER_APPICON_NAME = AppIcon;
				INFOPLIST_FILE = techtoilet/Info.plist;
				LD_RUNPATH_SEARCH_PATHS = "$(inherited) @executable_path/Frameworks";
				PRODUCT_NAME = "$(TARGET_NAME)";
			};
			name = Release;
		};
		B207B85D1BBA87DE004A84E1 /* Debug */ = {
			isa = XCBuildConfiguration;
			buildSettings = {
				BUNDLE_LOADER = "$(TEST_HOST)";
				FRAMEWORK_SEARCH_PATHS = (
					"$(SDKROOT)/Developer/Library/Frameworks",
					"$(inherited)",
				);
				GCC_PREPROCESSOR_DEFINITIONS = (
					"DEBUG=1",
					"$(inherited)",
				);
				INFOPLIST_FILE = techtoiletTests/Info.plist;
				LD_RUNPATH_SEARCH_PATHS = "$(inherited) @executable_path/Frameworks @loader_path/Frameworks";
				PRODUCT_NAME = "$(TARGET_NAME)";
				TEST_HOST = "$(BUILT_PRODUCTS_DIR)/techtoilet.app/techtoilet";
			};
			name = Debug;
		};
		B207B85E1BBA87DE004A84E1 /* Release */ = {
			isa = XCBuildConfiguration;
			buildSettings = {
				BUNDLE_LOADER = "$(TEST_HOST)";
				FRAMEWORK_SEARCH_PATHS = (
					"$(SDKROOT)/Developer/Library/Frameworks",
					"$(inherited)",
				);
				INFOPLIST_FILE = techtoiletTests/Info.plist;
				LD_RUNPATH_SEARCH_PATHS = "$(inherited) @executable_path/Frameworks @loader_path/Frameworks";
				PRODUCT_NAME = "$(TARGET_NAME)";
				TEST_HOST = "$(BUILT_PRODUCTS_DIR)/techtoilet.app/techtoilet";
			};
			name = Release;
		};
/* End XCBuildConfiguration section */

/* Begin XCConfigurationList section */
		B207B8311BBA87DE004A84E1 /* Build configuration list for PBXProject "techtoilet" */ = {
			isa = XCConfigurationList;
			buildConfigurations = (
				B207B8571BBA87DE004A84E1 /* Debug */,
				B207B8581BBA87DE004A84E1 /* Release */,
			);
			defaultConfigurationIsVisible = 0;
			defaultConfigurationName = Release;
		};
		B207B8591BBA87DE004A84E1 /* Build configuration list for PBXNativeTarget "techtoilet" */ = {
			isa = XCConfigurationList;
			buildConfigurations = (
				B207B85A1BBA87DE004A84E1 /* Debug */,
				B207B85B1BBA87DE004A84E1 /* Release */,
			);
			defaultConfigurationIsVisible = 0;
		};
		B207B85C1BBA87DE004A84E1 /* Build configuration list for PBXNativeTarget "techtoiletTests" */ = {
			isa = XCConfigurationList;
			buildConfigurations = (
				B207B85D1BBA87DE004A84E1 /* Debug */,
				B207B85E1BBA87DE004A84E1 /* Release */,
			);
			defaultConfigurationIsVisible = 0;
		};
/* End XCConfigurationList section */
	};
	rootObject = B207B82E1BBA87DE004A84E1 /* Project object */;
}
